
Microsoft Visual Studio Solution File, Format Version 11.00
# Visual Studio 2010
Project("{8BC9CEB8-8B4A-11D0-8D11-00A0C91BC942}") = "demo1", "demo1\demo1.vcxproj", "{BC61F160-1E17-4472-BC6E-5F89813904FB}"
EndProject
Global
	GlobalSection(SolutionConfigurationPlatforms) = preSolution
		Debug|Win32 = Debug|Win32
		Release|Win32 = Release|Win32
	EndGlobalSection
	GlobalSection(ProjectConfigurationPlatforms) = postSolution
		{BC61F160-1E17-4472-BC6E-5F89813904FB}.Debug|Win32.ActiveCfg = Debug|Win32
		{BC61F160-1E17-4472-BC6E-5F89813904FB}.Debug|Win32.Build.0 = Debug|Win32
		{BC61F160-1E17-4472-BC6E-5F89813904FB}.Release|Win32.ActiveCfg = Release|Win32
		{BC61F160-1E17-4472-BC6E-5F89813904FB}.Release|Win32.Build.0 = Release|Win32
	EndGlobalSection
	GlobalSection(SolutionProperties) = preSolution
		HideSolutionNode = FALSE
	EndGlobalSection
EndGlobal
